[[package]]
category = "dev"
description = "A small Python module for determining appropriate platform-specific dirs, e.g. a \"user data dir\"."
name = "appdirs"
optional = false
python-versions = "*"
version = "1.4.3"

[[package]]
category = "dev"
description = "Atomic file writes."
name = "atomicwrites"
optional = false
python-versions = ">=2.7, !=3.0.*, !=3.1.*, !=3.2.*, !=3.3.*"
version = "1.3.0"

[[package]]
category = "dev"
description = "Classes Without Boilerplate"
name = "attrs"
optional = false
python-versions = ">=2.7, !=3.0.*, !=3.1.*, !=3.2.*, !=3.3.*"
version = "19.1.0"

[[package]]
category = "dev"
description = "The uncompromising code formatter."
name = "black"
optional = false
python-versions = ">=3.6"
version = "19.3b0"

[package.dependencies]
appdirs = "*"
attrs = ">=18.1.0"
click = ">=6.5"
toml = ">=0.9.4"

[[package]]
category = "dev"
description = "Composable command line interface toolkit"
name = "click"
optional = false
python-versions = ">=2.7, !=3.0.*, !=3.1.*, !=3.2.*, !=3.3.*"
version = "7.0"

[[package]]
category = "dev"
description = "Cross-platform colored terminal text."
marker = "sys_platform == \"win32\""
name = "colorama"
optional = false
python-versions = ">=2.7, !=3.0.*, !=3.1.*, !=3.2.*, !=3.3.*"
version = "0.4.1"

[[package]]
category = "main"
description = "A high-level Python Web framework that encourages rapid development and clean, pragmatic design."
name = "django"
optional = false
python-versions = ">=3.5"
version = "2.2"

[package.dependencies]
pytz = "*"
sqlparse = "*"

[[package]]
category = "dev"
description = "A configurable set of panels that display various debug information about the current request/response."
name = "django-debug-toolbar"
optional = false
python-versions = ">=2.7, !=3.0.*, !=3.1.*, !=3.2.*, !=3.3.*"
version = "1.11"

[package.dependencies]
Django = ">=1.11"
sqlparse = ">=0.2.0"

[[package]]
category = "dev"
description = "Discover and load entry points from installed packages."
name = "entrypoints"
optional = false
python-versions = ">=2.7"
version = "0.3"

[[package]]
category = "dev"
description = "the modular source code checker: pep8, pyflakes and co"
name = "flake8"
optional = false
python-versions = ">=2.7, !=3.0.*, !=3.1.*, !=3.2.*, !=3.3.*"
version = "3.7.7"

[package.dependencies]
entrypoints = ">=0.3.0,<0.4.0"
mccabe = ">=0.6.0,<0.7.0"
pycodestyle = ">=2.5.0,<2.6.0"
pyflakes = ">=2.1.0,<2.2.0"

[[package]]
category = "dev"
description = "McCabe checker, plugin for flake8"
name = "mccabe"
optional = false
python-versions = "*"
version = "0.6.1"

[[package]]
category = "main"
description = "The fastest markdown parser in pure Python"
name = "mistune"
optional = false
python-versions = "*"
version = "0.8.4"

[[package]]
category = "dev"
description = "More routines for operating on iterables, beyond itertools"
marker = "python_version > \"2.7\""
name = "more-itertools"
optional = false
python-versions = ">=3.4"
version = "7.0.0"

[[package]]
category = "dev"
description = "plugin and hook calling mechanisms for python"
name = "pluggy"
optional = false
python-versions = ">=2.7, !=3.0.*, !=3.1.*, !=3.2.*, !=3.3.*"
version = "0.9.0"

[[package]]
category = "main"
description = "psycopg2 - Python-PostgreSQL Database Adapter"
name = "psycopg2-binary"
optional = false
python-versions = ">=2.7,!=3.0.*,!=3.1.*,!=3.2.*,!=3.3.*"
version = "2.8.1"

[[package]]
category = "dev"
description = "library with cross-python path, ini-parsing, io, code, log facilities"
name = "py"
optional = false
python-versions = ">=2.7, !=3.0.*, !=3.1.*, !=3.2.*, !=3.3.*"
version = "1.8.0"

[[package]]
category = "dev"
description = "Python style guide checker"
name = "pycodestyle"
optional = false
python-versions = ">=2.7, !=3.0.*, !=3.1.*, !=3.2.*, !=3.3.*"
version = "2.5.0"

[[package]]
category = "dev"
description = "passive checker of Python programs"
name = "pyflakes"
optional = false
python-versions = ">=2.7, !=3.0.*, !=3.1.*, !=3.2.*, !=3.3.*"
version = "2.1.1"

[[package]]
category = "dev"
description = "pytest: simple powerful testing with Python"
name = "pytest"
optional = false
python-versions = ">=2.7, !=3.0.*, !=3.1.*, !=3.2.*, !=3.3.*"
version = "4.4.0"

[package.dependencies]
atomicwrites = ">=1.0"
attrs = ">=17.4.0"
colorama = "*"
pluggy = ">=0.9"
py = ">=1.5.0"
setuptools = "*"
six = ">=1.10.0"

[package.dependencies.more-itertools]
python = ">2.7"
version = ">=4.0.0"

[[package]]
category = "main"
description = "Strict separation of settings from code."
name = "python-decouple"
optional = false
python-versions = "*"
version = "3.1"

[[package]]
category = "main"
description = "World timezone definitions, modern and historical"
name = "pytz"
optional = false
python-versions = "*"
version = "2019.1"

[[package]]
category = "dev"
description = "Python 2 and 3 compatibility utilities"
name = "six"
optional = false
python-versions = ">=2.6, !=3.0.*, !=3.1.*"
version = "1.12.0"

[[package]]
category = "main"
description = "Non-validating SQL parser"
name = "sqlparse"
optional = false
python-versions = ">=2.7, !=3.0.*, !=3.1.*, !=3.2.*, !=3.3.*"
version = "0.3.0"

[[package]]
category = "dev"
description = "Python Library for Tom's Obvious, Minimal Language"
name = "toml"
optional = false
python-versions = "*"
version = "0.10.0"

[metadata]
content-hash = "3705bc86ac76ae471f6f251f350606fca75439afd1224027f3a4eb12ed17afd2"
python-versions = "^3.7"

[metadata.hashes]
appdirs = ["9e5896d1372858f8dd3344faf4e5014d21849c756c8d5701f78f8a103b372d92", "d8b24664561d0d34ddfaec54636d502d7cea6e29c3eaf68f3df6180863e2166e"]
atomicwrites = ["03472c30eb2c5d1ba9227e4c2ca66ab8287fbfbbda3888aa93dc2e28fc6811b4", "75a9445bac02d8d058d5e1fe689654ba5a6556a1dfd8ce6ec55a0ed79866cfa6"]
attrs = ["69c0dbf2ed392de1cb5ec704444b08a5ef81680a61cb899dc08127123af36a79", "f0b870f674851ecbfbbbd364d6b5cbdff9dcedbc7f3f5e18a6891057f21fe399"]
black = ["09a9dcb7c46ed496a9850b76e4e825d6049ecd38b611f1224857a79bd985a8cf", "68950ffd4d9169716bcb8719a56c07a2f4485354fec061cdd5910aa07369731c"]
click = ["2335065e6395b9e67ca716de5f7526736bfa6ceead690adf616d925bdc622b13", "5b94b49521f6456670fdb30cd82a4eca9412788a93fa6dd6df72c94d5a8ff2d7"]
colorama = ["05eed71e2e327246ad6b38c540c4a3117230b19679b875190486ddd2d721422d", "f8ac84de7840f5b9c4e3347b3c1eaa50f7e49c2b07596221daec5edaabbd7c48"]
django = ["7c3543e4fb070d14e10926189a7fcf42ba919263b7473dceaefce34d54e8a119", "a2814bffd1f007805b19194eb0b9a331933b82bd5da1c3ba3d7b7ba16e06dc4b"]
django-debug-toolbar = ["89d75b60c65db363fb24688d977e5fbf0e73386c67acf562d278402a10fc3736", "c2b0134119a624f4ac9398b44f8e28a01c7686ac350a12a74793f3dd57a9eea0"]
entrypoints = ["589f874b313739ad35be6e0cd7efde2a4e9b6fea91edcc34e58ecbb8dbe56d19", "c70dd71abe5a8c85e55e12c19bd91ccfeec11a6e99044204511f9ed547d48451"]
flake8 = ["859996073f341f2670741b51ec1e67a01da142831aa1fdc6242dbf88dffbe661", "a796a115208f5c03b18f332f7c11729812c8c3ded6c46319c59b53efd3819da8"]
mccabe = ["ab8a6258860da4b6677da4bd2fe5dc2c659cff31b3ee4f7f5d64e79735b80d42", "dd8d182285a0fe56bace7f45b5e7d1a6ebcbf524e8f3bd87eb0f125271b8831f"]
mistune = ["59a3429db53c50b5c6bcc8a07f8848cb00d7dc8bdb431a4ab41920d201d4756e", "88a1051873018da288eee8538d476dffe1262495144b33ecb586c4ab266bb8d4"]
more-itertools = ["2112d2ca570bb7c3e53ea1a35cd5df42bb0fd10c45f0fb97178679c3c03d64c7", "c3e4748ba1aad8dba30a4886b0b1a2004f9a863837b8654e7059eebf727afa5a"]
pluggy = ["19ecf9ce9db2fce065a7a0586e07cfb4ac8614fe96edf628a264b1c70116cf8f", "84d306a647cc805219916e62aab89caa97a33a1dd8c342e87a37f91073cd4746"]
psycopg2-binary = ["163d3ee445a0b4c0109877da9e46271aacf4e5e3d60ae7368669555c30f13e7c", "1af0bfe7b0c13a0e613a27311fd4f9c5d024e8fc0f4b3d284e7df02a58a11fc0", "2169c3a1bf52d5b30cc98625b5919a964c571a32e8646be20be6c7e3e82079de", "218f079fa48e2ef812dc3d3ce6ec2f67ac56427ba4b038d5d6331f2cceb489c2", "26a958930687e94c4c6c73c171e4d4783b82ae4e16aa3424e6bcd4529bceedf0", "2c7c195aef3acdbc853942bc674844031a732890d2fee88a324298ed376b6c2b", "2ecdbfed7004669472bfa27c8d51012c717c241c7154ae17e4c8f93024043525", "345fc31b71a90ada1b51826537917b19a1af685a91c0f066787069c184d7d00f", "378a06649503f548be5f1e9eec2e94cc1d6138250b82a08dcc6151bca8cec107", "3f300bf2930e501dde09605de85cb2b84c2638e2c954be02a3c86f28176d3525", "6c2f66c653ce8bbd7e789d0f7f92c3f9fea881b55226f0ae5ee550cce9e3cf0e", "6fccbac2633831b877a8fbf865f7082d34895e82a015795a9f80f99a2efe2576", "7a166f8ccb6888358d3e67795b057540ea7caa71ab9e089b0cb0097f01088965", "8f6b84f887ec6fef6c1796779f8ec2603dc7e9ef52bc9269de719d4bcbdaebbb", "92cf3ceb7bb90cf35b8bd993c640b15d4832ba0e142a3b9da5006ef217da595d", "a20dfdf73f56da674926a3811929cff9fd23b9af90be9a6c36ac246a3486eef3", "a84415df4689251556c961e4fe3b25d30e32f00faa8064ce0909458dbe0d67b2", "ab1aa1cd50df3860f624c9713ee9e690eefd4e049d3a4d86577bab6e741e9616", "abc9dcf85e75a8687f2a6d560c0c1a2593e8e34ba6f9ad6721f8212c5de179a2", "c10454710a81a2f4b1ff4d1c83ac2cec63e0e55845a56324991514af5b1299d0", "c38f80719e4dfae7a6311a4f091f07f4fb2fb5d602352015d5639f63f8fabb68", "d75cf00605630b2cfefa5c62373c605dcda1cc0d607902847dbb8e8e9b67c1ce", "dce15cb6ef604c9e38fdaa848f58f83153ade9f4aa5e4cf5812aa27163561750", "e7e0db4311bb76bf3f6e0380f71912cfa6d0be7cc635e3772476050b0dabdabd", "eac59cae78dfe3fbf7ece25c170d7a152f88df7643381aa5e7344c2028a8d8d4", "ead7b3e1567bd14cacd44279c5e42cd19f54b9feed39180220253f4fbe3abd56", "ed772a5e8e7e5dd6bede960a86940c17cf653c7f158dafa5d52e919b676f10ba", "f2d73131acb94afa45de8b6b8a4bfb21bbe3736633d6478e53247f19dd8c299c"]
py = ["64f65755aee5b381cea27766a3a147c3f15b9b6b9ac88676de66ba2ae36793fa", "dc639b046a6e2cff5bbe40194ad65936d6ba360b52b3c3fe1d08a82dd50b5e53"]
pycodestyle = ["95a2219d12372f05704562a14ec30bc76b05a5b297b21a5dfe3f6fac3491ae56", "e40a936c9a450ad81df37f549d676d127b1b66000a6c500caa2b085bc0ca976c"]
pyflakes = ["17dbeb2e3f4d772725c777fabc446d5634d1038f234e77343108ce445ea69ce0", "d976835886f8c5b31d47970ed689944a0262b5f3afa00a5a7b4dc81e5449f8a2"]
pytest = ["13c5e9fb5ec5179995e9357111ab089af350d788cbc944c628f3cde72285809b", "f21d2f1fb8200830dcbb5d8ec466a9c9120e20d8b53c7585d180125cce1d297a"]
python-decouple = ["1317df14b43efee4337a4aa02914bf004f010cd56d6c4bd894e6474ec8c4fe2d"]
pytz = ["303879e36b721603cc54604edcac9d20401bdbe31e1e4fdee5b9f98d5d31dfda", "d747dd3d23d77ef44c6a3526e274af6efeb0a6f1afd5a69ba4d5be4098c8e141"]
six = ["3350809f0555b11f552448330d0b52d5f24c91a322ea4a15ef22629740f3761c", "d16a0141ec1a18405cd4ce8b4613101da75da0e9a7aec5bdd4fa804d0e0eba73"]
sqlparse = ["40afe6b8d4b1117e7dff5504d7a8ce07d9a1b15aeeade8a2d10f130a834f8177", "7c3dca29c022744e95b547e867cee89f4fce4373f3549ccd8797d8eb52cdb873"]
toml = ["229f81c57791a41d65e399fc06bf0848bab550a9dfd5ed66df18ce5f05e73d5c", "235682dd292d5899d361a811df37e04a8828a5b1da3115886b73cf81ebc9100e", "f1db651f9657708513243e61e6cc67d101a39bad662eaa9b5546f789338e07a3"]
